
Microsoft Visual Studio Solution File, Format Version 12.00
# Visual Studio Version 16
VisualStudioVersion = 16.0.30225.117
MinimumVisualStudioVersion = 10.0.40219.1
Project("{FAE04EC0-301F-11D3-BF4B-00C04F79EFBC}") = "PDF Insert Image and Text", "PDF Insert Image and Text\PDF Insert Image and Text.csproj", "{643DE088-488D-421A-A5D7-6295D06D630F}"
EndProject
Global
	GlobalSection(SolutionConfigurationPlatforms) = preSolution
		Debug|Any CPU = Debug|Any CPU
		Release|Any CPU = Release|Any CPU
	EndGlobalSection
	GlobalSection(ProjectConfigurationPlatforms) = postSolution
		{643DE088-488D-421A-A5D7-6295D06D630F}.Debug|Any CPU.ActiveCfg = Debug|Any CPU
		{643DE088-488D-421A-A5D7-6295D06D630F}.Debug|Any CPU.Build.0 = Debug|Any CPU
		{643DE088-488D-421A-A5D7-6295D06D630F}.Release|Any CPU.ActiveCfg = Release|Any CPU
		{643DE088-488D-421A-A5D7-6295D06D630F}.Release|Any CPU.Build.0 = Release|Any CPU
	EndGlobalSection
	GlobalSection(SolutionProperties) = preSolution
		HideSolutionNode = FALSE
	EndGlobalSection
	GlobalSection(ExtensibilityGlobals) = postSolution
		SolutionGuid = {6BD52742-1288-4A3F-9F20-22D1548B5D8C}
	EndGlobalSection
EndGlobal
